
Microsoft Visual Studio Solution File, Format Version 12.00
# Visual Studio 14
VisualStudioVersion = 14.0.25420.1
MinimumVisualStudioVersion = 10.0.40219.1
Project("{FAE04EC0-301F-11D3-BF4B-00C04F79EFBC}") = "XT2016_3.Auction.WebUI", "XT2016_3.Auction.WebUI\XT2016_3.Auction.WebUI.csproj", "{4A5D3920-6656-4A9A-9916-3336071920A2}"
EndProject
Project("{FAE04EC0-301F-11D3-BF4B-00C04F79EFBC}") = "XT2016_3.Auction.Entities", "XT2016_3.Auction.Entities\XT2016_3.Auction.Entities.csproj", "{D3B0E2B0-9DB8-4EDD-90BD-4A9704B8154B}"
EndProject
Project("{2150E333-8FDC-42A3-9474-1A3956D46DE8}") = "Common", "Common", "{6F24A429-4024-4748-980B-8061557AEA5D}"
EndProject
Project("{2150E333-8FDC-42A3-9474-1A3956D46DE8}") = "Presentation", "Presentation", "{125E9657-283C-410C-92CD-E169B16DC7DB}"
EndProject
Project("{FAE04EC0-301F-11D3-BF4B-00C04F79EFBC}") = "XT2016_3.Auction.Logic", "XT2016_3.Auction.Logic\XT2016_3.Auction.Logic.csproj", "{E1479632-B4F2-404C-AD43-95A20442DA98}"
EndProject
Project("{FAE04EC0-301F-11D3-BF4B-00C04F79EFBC}") = "XT2016_3.Auction.LogicContracts", "XT2016_3.Auction.LogicContracts\XT2016_3.Auction.LogicContracts.csproj", "{56B6685D-1BF2-4CAF-916F-EE90891FE8FB}"
EndProject
Project("{2150E333-8FDC-42A3-9474-1A3956D46DE8}") = "Business Logic", "Business Logic", "{5928C328-9D8E-45FD-83B8-8CD05638D66E}"
EndProject
Project("{FAE04EC0-301F-11D3-BF4B-00C04F79EFBC}") = "XT2016_3.Auction.DaoContracts", "XT2016_3.Auction.DaoContracts\XT2016_3.Auction.DaoContracts.csproj", "{4FDE91B4-C69B-4777-9430-0965D32FF87D}"
EndProject
Project("{FAE04EC0-301F-11D3-BF4B-00C04F79EFBC}") = "XT2016_3.Auction.SqlDao", "XT2016_3.Auction.SqlDao\XT2016_3.Auction.SqlDao.csproj", "{B3C8B385-7604-47F8-AF35-CA4DACDA788C}"
EndProject
Project("{2150E333-8FDC-42A3-9474-1A3956D46DE8}") = "Data Access", "Data Access", "{3005CDF4-B8D2-4AFB-8261-28AD70E0D160}"
EndProject
Global
	GlobalSection(SolutionConfigurationPlatforms) = preSolution
		Debug|Any CPU = Debug|Any CPU
		Release|Any CPU = Release|Any CPU
	EndGlobalSection
	GlobalSection(ProjectConfigurationPlatforms) = postSolution
		{4A5D3920-6656-4A9A-9916-3336071920A2}.Debug|Any CPU.ActiveCfg = Debug|Any CPU
		{4A5D3920-6656-4A9A-9916-3336071920A2}.Debug|Any CPU.Build.0 = Debug|Any CPU
		{4A5D3920-6656-4A9A-9916-3336071920A2}.Release|Any CPU.ActiveCfg = Release|Any CPU
		{4A5D3920-6656-4A9A-9916-3336071920A2}.Release|Any CPU.Build.0 = Release|Any CPU
		{D3B0E2B0-9DB8-4EDD-90BD-4A9704B8154B}.Debug|Any CPU.ActiveCfg = Debug|Any CPU
		{D3B0E2B0-9DB8-4EDD-90BD-4A9704B8154B}.Debug|Any CPU.Build.0 = Debug|Any CPU
		{D3B0E2B0-9DB8-4EDD-90BD-4A9704B8154B}.Release|Any CPU.ActiveCfg = Release|Any CPU
		{D3B0E2B0-9DB8-4EDD-90BD-4A9704B8154B}.Release|Any CPU.Build.0 = Release|Any CPU
		{E1479632-B4F2-404C-AD43-95A20442DA98}.Debug|Any CPU.ActiveCfg = Debug|Any CPU
		{E1479632-B4F2-404C-AD43-95A20442DA98}.Debug|Any CPU.Build.0 = Debug|Any CPU
		{E1479632-B4F2-404C-AD43-95A20442DA98}.Release|Any CPU.ActiveCfg = Release|Any CPU
		{E1479632-B4F2-404C-AD43-95A20442DA98}.Release|Any CPU.Build.0 = Release|Any CPU
		{56B6685D-1BF2-4CAF-916F-EE90891FE8FB}.Debug|Any CPU.ActiveCfg = Debug|Any CPU
		{56B6685D-1BF2-4CAF-916F-EE90891FE8FB}.Debug|Any CPU.Build.0 = Debug|Any CPU
		{56B6685D-1BF2-4CAF-916F-EE90891FE8FB}.Release|Any CPU.ActiveCfg = Release|Any CPU
		{56B6685D-1BF2-4CAF-916F-EE90891FE8FB}.Release|Any CPU.Build.0 = Release|Any CPU
		{4FDE91B4-C69B-4777-9430-0965D32FF87D}.Debug|Any CPU.ActiveCfg = Debug|Any CPU
		{4FDE91B4-C69B-4777-9430-0965D32FF87D}.Debug|Any CPU.Build.0 = Debug|Any CPU
		{4FDE91B4-C69B-4777-9430-0965D32FF87D}.Release|Any CPU.ActiveCfg = Release|Any CPU
		{4FDE91B4-C69B-4777-9430-0965D32FF87D}.Release|Any CPU.Build.0 = Release|Any CPU
		{B3C8B385-7604-47F8-AF35-CA4DACDA788C}.Debug|Any CPU.ActiveCfg = Debug|Any CPU
		{B3C8B385-7604-47F8-AF35-CA4DACDA788C}.Debug|Any CPU.Build.0 = Debug|Any CPU
		{B3C8B385-7604-47F8-AF35-CA4DACDA788C}.Release|Any CPU.ActiveCfg = Release|Any CPU
		{B3C8B385-7604-47F8-AF35-CA4DACDA788C}.Release|Any CPU.Build.0 = Release|Any CPU
	EndGlobalSection
	GlobalSection(SolutionProperties) = preSolution
		HideSolutionNode = FALSE
	EndGlobalSection
	GlobalSection(NestedProjects) = preSolution
		{4A5D3920-6656-4A9A-9916-3336071920A2} = {125E9657-283C-410C-92CD-E169B16DC7DB}
		{D3B0E2B0-9DB8-4EDD-90BD-4A9704B8154B} = {6F24A429-4024-4748-980B-8061557AEA5D}
		{E1479632-B4F2-404C-AD43-95A20442DA98} = {5928C328-9D8E-45FD-83B8-8CD05638D66E}
		{56B6685D-1BF2-4CAF-916F-EE90891FE8FB} = {5928C328-9D8E-45FD-83B8-8CD05638D66E}
		{4FDE91B4-C69B-4777-9430-0965D32FF87D} = {3005CDF4-B8D2-4AFB-8261-28AD70E0D160}
		{B3C8B385-7604-47F8-AF35-CA4DACDA788C} = {3005CDF4-B8D2-4AFB-8261-28AD70E0D160}
	EndGlobalSection
EndGlobal
