
Microsoft Visual Studio Solution File, Format Version 12.00
# Visual Studio 14
VisualStudioVersion = 14.0.25420.1
MinimumVisualStudioVersion = 10.0.40219.1
Project("{FAE04EC0-301F-11D3-BF4B-00C04F79EFBC}") = "Task1.01", "Task1.1\Task1.01.csproj", "{A65AAEFD-46C9-447F-B20C-E36DACAD66F5}"
EndProject
Project("{FAE04EC0-301F-11D3-BF4B-00C04F79EFBC}") = "Task1.02", "Task1.2\Task1.02.csproj", "{68B534EA-62BB-488C-B2C3-6662F7A92543}"
EndProject
Project("{FAE04EC0-301F-11D3-BF4B-00C04F79EFBC}") = "Task1.03", "Task1.3\Task1.03.csproj", "{D14BC1FC-46A0-4A79-AD3E-FDB54A7F7560}"
EndProject
Project("{FAE04EC0-301F-11D3-BF4B-00C04F79EFBC}") = "Task1.04", "Task1.4\Task1.04.csproj", "{5071E7AC-5779-4A1B-911A-2BD1A01BF0C8}"
EndProject
Project("{FAE04EC0-301F-11D3-BF4B-00C04F79EFBC}") = "Task1.05", "Task1.5\Task1.05.csproj", "{04358A03-6643-4EF0-8BCD-2284109B14F7}"
EndProject
Project("{FAE04EC0-301F-11D3-BF4B-00C04F79EFBC}") = "Task1.06", "Task1.6\Task1.06.csproj", "{27ECB2DE-D8AD-429F-BC70-96DF39B965C1}"
EndProject
Project("{FAE04EC0-301F-11D3-BF4B-00C04F79EFBC}") = "Task1.07", "Task1.7\Task1.07.csproj", "{55F43629-291F-4CA1-A170-4E262F0A5BE0}"
EndProject
Project("{FAE04EC0-301F-11D3-BF4B-00C04F79EFBC}") = "Task1.08", "Task1.8\Task1.08.csproj", "{45186A34-EAA3-4A6A-AEE9-94DCDDF5F112}"
EndProject
Project("{FAE04EC0-301F-11D3-BF4B-00C04F79EFBC}") = "Task1.09", "Task1.9\Task1.09.csproj", "{747DA294-6A30-46CB-8A77-7870ECAAE0CB}"
EndProject
Project("{FAE04EC0-301F-11D3-BF4B-00C04F79EFBC}") = "Task1.10", "Task1.10\Task1.10.csproj", "{AB814304-E6A4-41EB-95B8-C75713C27790}"
EndProject
Project("{FAE04EC0-301F-11D3-BF4B-00C04F79EFBC}") = "Task1.11", "Task1.11\Task1.11.csproj", "{0886A940-B005-4E45-8010-E72334768469}"
EndProject
Project("{FAE04EC0-301F-11D3-BF4B-00C04F79EFBC}") = "Task1.12", "Task1.12\Task1.12.csproj", "{4D562D29-87BF-4DF0-8346-8CC892E586F9}"
EndProject
Global
	GlobalSection(SolutionConfigurationPlatforms) = preSolution
		Debug|Any CPU = Debug|Any CPU
		Release|Any CPU = Release|Any CPU
	EndGlobalSection
	GlobalSection(ProjectConfigurationPlatforms) = postSolution
		{A65AAEFD-46C9-447F-B20C-E36DACAD66F5}.Debug|Any CPU.ActiveCfg = Debug|Any CPU
		{A65AAEFD-46C9-447F-B20C-E36DACAD66F5}.Debug|Any CPU.Build.0 = Debug|Any CPU
		{A65AAEFD-46C9-447F-B20C-E36DACAD66F5}.Release|Any CPU.ActiveCfg = Release|Any CPU
		{A65AAEFD-46C9-447F-B20C-E36DACAD66F5}.Release|Any CPU.Build.0 = Release|Any CPU
		{68B534EA-62BB-488C-B2C3-6662F7A92543}.Debug|Any CPU.ActiveCfg = Debug|Any CPU
		{68B534EA-62BB-488C-B2C3-6662F7A92543}.Debug|Any CPU.Build.0 = Debug|Any CPU
		{68B534EA-62BB-488C-B2C3-6662F7A92543}.Release|Any CPU.ActiveCfg = Release|Any CPU
		{68B534EA-62BB-488C-B2C3-6662F7A92543}.Release|Any CPU.Build.0 = Release|Any CPU
		{D14BC1FC-46A0-4A79-AD3E-FDB54A7F7560}.Debug|Any CPU.ActiveCfg = Debug|Any CPU
		{D14BC1FC-46A0-4A79-AD3E-FDB54A7F7560}.Debug|Any CPU.Build.0 = Debug|Any CPU
		{D14BC1FC-46A0-4A79-AD3E-FDB54A7F7560}.Release|Any CPU.ActiveCfg = Release|Any CPU
		{D14BC1FC-46A0-4A79-AD3E-FDB54A7F7560}.Release|Any CPU.Build.0 = Release|Any CPU
		{5071E7AC-5779-4A1B-911A-2BD1A01BF0C8}.Debug|Any CPU.ActiveCfg = Debug|Any CPU
		{5071E7AC-5779-4A1B-911A-2BD1A01BF0C8}.Debug|Any CPU.Build.0 = Debug|Any CPU
		{5071E7AC-5779-4A1B-911A-2BD1A01BF0C8}.Release|Any CPU.ActiveCfg = Release|Any CPU
		{5071E7AC-5779-4A1B-911A-2BD1A01BF0C8}.Release|Any CPU.Build.0 = Release|Any CPU
		{04358A03-6643-4EF0-8BCD-2284109B14F7}.Debug|Any CPU.ActiveCfg = Debug|Any CPU
		{04358A03-6643-4EF0-8BCD-2284109B14F7}.Debug|Any CPU.Build.0 = Debug|Any CPU
		{04358A03-6643-4EF0-8BCD-2284109B14F7}.Release|Any CPU.ActiveCfg = Release|Any CPU
		{04358A03-6643-4EF0-8BCD-2284109B14F7}.Release|Any CPU.Build.0 = Release|Any CPU
		{27ECB2DE-D8AD-429F-BC70-96DF39B965C1}.Debug|Any CPU.ActiveCfg = Debug|Any CPU
		{27ECB2DE-D8AD-429F-BC70-96DF39B965C1}.Debug|Any CPU.Build.0 = Debug|Any CPU
		{27ECB2DE-D8AD-429F-BC70-96DF39B965C1}.Release|Any CPU.ActiveCfg = Release|Any CPU
		{27ECB2DE-D8AD-429F-BC70-96DF39B965C1}.Release|Any CPU.Build.0 = Release|Any CPU
		{55F43629-291F-4CA1-A170-4E262F0A5BE0}.Debug|Any CPU.ActiveCfg = Debug|Any CPU
		{55F43629-291F-4CA1-A170-4E262F0A5BE0}.Debug|Any CPU.Build.0 = Debug|Any CPU
		{55F43629-291F-4CA1-A170-4E262F0A5BE0}.Release|Any CPU.ActiveCfg = Release|Any CPU
		{55F43629-291F-4CA1-A170-4E262F0A5BE0}.Release|Any CPU.Build.0 = Release|Any CPU
		{45186A34-EAA3-4A6A-AEE9-94DCDDF5F112}.Debug|Any CPU.ActiveCfg = Debug|Any CPU
		{45186A34-EAA3-4A6A-AEE9-94DCDDF5F112}.Debug|Any CPU.Build.0 = Debug|Any CPU
		{45186A34-EAA3-4A6A-AEE9-94DCDDF5F112}.Release|Any CPU.ActiveCfg = Release|Any CPU
		{45186A34-EAA3-4A6A-AEE9-94DCDDF5F112}.Release|Any CPU.Build.0 = Release|Any CPU
		{747DA294-6A30-46CB-8A77-7870ECAAE0CB}.Debug|Any CPU.ActiveCfg = Debug|Any CPU
		{747DA294-6A30-46CB-8A77-7870ECAAE0CB}.Debug|Any CPU.Build.0 = Debug|Any CPU
		{747DA294-6A30-46CB-8A77-7870ECAAE0CB}.Release|Any CPU.ActiveCfg = Release|Any CPU
		{747DA294-6A30-46CB-8A77-7870ECAAE0CB}.Release|Any CPU.Build.0 = Release|Any CPU
		{AB814304-E6A4-41EB-95B8-C75713C27790}.Debug|Any CPU.ActiveCfg = Debug|Any CPU
		{AB814304-E6A4-41EB-95B8-C75713C27790}.Debug|Any CPU.Build.0 = Debug|Any CPU
		{AB814304-E6A4-41EB-95B8-C75713C27790}.Release|Any CPU.ActiveCfg = Release|Any CPU
		{AB814304-E6A4-41EB-95B8-C75713C27790}.Release|Any CPU.Build.0 = Release|Any CPU
		{0886A940-B005-4E45-8010-E72334768469}.Debug|Any CPU.ActiveCfg = Debug|Any CPU
		{0886A940-B005-4E45-8010-E72334768469}.Debug|Any CPU.Build.0 = Debug|Any CPU
		{0886A940-B005-4E45-8010-E72334768469}.Release|Any CPU.ActiveCfg = Release|Any CPU
		{0886A940-B005-4E45-8010-E72334768469}.Release|Any CPU.Build.0 = Release|Any CPU
		{4D562D29-87BF-4DF0-8346-8CC892E586F9}.Debug|Any CPU.ActiveCfg = Debug|Any CPU
		{4D562D29-87BF-4DF0-8346-8CC892E586F9}.Debug|Any CPU.Build.0 = Debug|Any CPU
		{4D562D29-87BF-4DF0-8346-8CC892E586F9}.Release|Any CPU.ActiveCfg = Release|Any CPU
		{4D562D29-87BF-4DF0-8346-8CC892E586F9}.Release|Any CPU.Build.0 = Release|Any CPU
	EndGlobalSection
	GlobalSection(SolutionProperties) = preSolution
		HideSolutionNode = FALSE
	EndGlobalSection
EndGlobal
