
Microsoft Visual Studio Solution File, Format Version 12.00
# Visual Studio 14
VisualStudioVersion = 14.0.25420.1
MinimumVisualStudioVersion = 10.0.40219.1
Project("{FAE04EC0-301F-11D3-BF4B-00C04F79EFBC}") = "XT2016_3.UserInfo.ConsoleUI", "XT2016_3.UserInfo.ConsoleUI\XT2016_3.UserInfo.ConsoleUI.csproj", "{4FE0E666-3950-4A37-A259-7892E6631B8E}"
EndProject
Project("{FAE04EC0-301F-11D3-BF4B-00C04F79EFBC}") = "XT2016_3.UserInfo.Entities", "XT2016_3.UserInfo.Entities\XT2016_3.UserInfo.Entities.csproj", "{931F3DC4-CD49-4223-9818-D560EF49C10B}"
EndProject
Project("{FAE04EC0-301F-11D3-BF4B-00C04F79EFBC}") = "XT2016_3.UserInfo.LogicContracts", "XT2016_3.UserInfo.LogicContracts\XT2016_3.UserInfo.LogicContracts.csproj", "{144A62E2-8AFA-4960-B0BD-B82B00626E46}"
EndProject
Project("{FAE04EC0-301F-11D3-BF4B-00C04F79EFBC}") = "XT2016_3.UserInfo.Logic", "XT2016_3.UserInfo.Logic\XT2016_3.UserInfo.Logic.csproj", "{830ED417-6D5D-4569-94FD-EA8C663E75C1}"
EndProject
Project("{FAE04EC0-301F-11D3-BF4B-00C04F79EFBC}") = "XT2016_3.UserInfo.DalContracts", "XT2016_3.UserInfo.DalContracts\XT2016_3.UserInfo.DalContracts.csproj", "{671F608B-62C5-407F-9F3C-04CF6ACCF8C5}"
EndProject
Project("{FAE04EC0-301F-11D3-BF4B-00C04F79EFBC}") = "XT2016_3.UserInfo.FileDal", "XT2016_3.UserInfo.FileDal\XT2016_3.UserInfo.FileDal.csproj", "{036A1CA7-4CFF-4D90-BAD6-05CE6369A4E6}"
EndProject
Project("{2150E333-8FDC-42A3-9474-1A3956D46DE8}") = "Business Logic", "Business Logic", "{7C6E884E-8532-4AB5-AE02-59AFDC8698CF}"
EndProject
Project("{2150E333-8FDC-42A3-9474-1A3956D46DE8}") = "Common", "Common", "{76E201DC-18CF-4A77-9200-44663AA356E8}"
EndProject
Project("{2150E333-8FDC-42A3-9474-1A3956D46DE8}") = "Presentation", "Presentation", "{C904C212-2B1D-48ED-8E6E-13157C6FB00E}"
EndProject
Project("{2150E333-8FDC-42A3-9474-1A3956D46DE8}") = "Data Access", "Data Access", "{4A1CCE90-061B-4EA9-B368-8EB6848FABA8}"
EndProject
Global
	GlobalSection(SolutionConfigurationPlatforms) = preSolution
		Debug|Any CPU = Debug|Any CPU
		Release|Any CPU = Release|Any CPU
	EndGlobalSection
	GlobalSection(ProjectConfigurationPlatforms) = postSolution
		{4FE0E666-3950-4A37-A259-7892E6631B8E}.Debug|Any CPU.ActiveCfg = Debug|Any CPU
		{4FE0E666-3950-4A37-A259-7892E6631B8E}.Debug|Any CPU.Build.0 = Debug|Any CPU
		{4FE0E666-3950-4A37-A259-7892E6631B8E}.Release|Any CPU.ActiveCfg = Release|Any CPU
		{4FE0E666-3950-4A37-A259-7892E6631B8E}.Release|Any CPU.Build.0 = Release|Any CPU
		{931F3DC4-CD49-4223-9818-D560EF49C10B}.Debug|Any CPU.ActiveCfg = Debug|Any CPU
		{931F3DC4-CD49-4223-9818-D560EF49C10B}.Debug|Any CPU.Build.0 = Debug|Any CPU
		{931F3DC4-CD49-4223-9818-D560EF49C10B}.Release|Any CPU.ActiveCfg = Release|Any CPU
		{931F3DC4-CD49-4223-9818-D560EF49C10B}.Release|Any CPU.Build.0 = Release|Any CPU
		{144A62E2-8AFA-4960-B0BD-B82B00626E46}.Debug|Any CPU.ActiveCfg = Debug|Any CPU
		{144A62E2-8AFA-4960-B0BD-B82B00626E46}.Debug|Any CPU.Build.0 = Debug|Any CPU
		{144A62E2-8AFA-4960-B0BD-B82B00626E46}.Release|Any CPU.ActiveCfg = Release|Any CPU
		{144A62E2-8AFA-4960-B0BD-B82B00626E46}.Release|Any CPU.Build.0 = Release|Any CPU
		{830ED417-6D5D-4569-94FD-EA8C663E75C1}.Debug|Any CPU.ActiveCfg = Debug|Any CPU
		{830ED417-6D5D-4569-94FD-EA8C663E75C1}.Debug|Any CPU.Build.0 = Debug|Any CPU
		{830ED417-6D5D-4569-94FD-EA8C663E75C1}.Release|Any CPU.ActiveCfg = Release|Any CPU
		{830ED417-6D5D-4569-94FD-EA8C663E75C1}.Release|Any CPU.Build.0 = Release|Any CPU
		{671F608B-62C5-407F-9F3C-04CF6ACCF8C5}.Debug|Any CPU.ActiveCfg = Debug|Any CPU
		{671F608B-62C5-407F-9F3C-04CF6ACCF8C5}.Debug|Any CPU.Build.0 = Debug|Any CPU
		{671F608B-62C5-407F-9F3C-04CF6ACCF8C5}.Release|Any CPU.ActiveCfg = Release|Any CPU
		{671F608B-62C5-407F-9F3C-04CF6ACCF8C5}.Release|Any CPU.Build.0 = Release|Any CPU
		{036A1CA7-4CFF-4D90-BAD6-05CE6369A4E6}.Debug|Any CPU.ActiveCfg = Debug|Any CPU
		{036A1CA7-4CFF-4D90-BAD6-05CE6369A4E6}.Debug|Any CPU.Build.0 = Debug|Any CPU
		{036A1CA7-4CFF-4D90-BAD6-05CE6369A4E6}.Release|Any CPU.ActiveCfg = Release|Any CPU
		{036A1CA7-4CFF-4D90-BAD6-05CE6369A4E6}.Release|Any CPU.Build.0 = Release|Any CPU
	EndGlobalSection
	GlobalSection(SolutionProperties) = preSolution
		HideSolutionNode = FALSE
	EndGlobalSection
	GlobalSection(NestedProjects) = preSolution
		{4FE0E666-3950-4A37-A259-7892E6631B8E} = {C904C212-2B1D-48ED-8E6E-13157C6FB00E}
		{931F3DC4-CD49-4223-9818-D560EF49C10B} = {76E201DC-18CF-4A77-9200-44663AA356E8}
		{144A62E2-8AFA-4960-B0BD-B82B00626E46} = {7C6E884E-8532-4AB5-AE02-59AFDC8698CF}
		{830ED417-6D5D-4569-94FD-EA8C663E75C1} = {7C6E884E-8532-4AB5-AE02-59AFDC8698CF}
		{671F608B-62C5-407F-9F3C-04CF6ACCF8C5} = {4A1CCE90-061B-4EA9-B368-8EB6848FABA8}
		{036A1CA7-4CFF-4D90-BAD6-05CE6369A4E6} = {4A1CCE90-061B-4EA9-B368-8EB6848FABA8}
	EndGlobalSection
EndGlobal
